dependencies:
  idf:
    source:
      type: idf
    version: 5.5.2
  joltwallet/littlefs:
    component_hash: dcea25bcef2de023f089f5f01e8d8c46ad1b8ffef75861ad5ffb4098555839df
    dependencies:
    - name: idf
      require: private
      version: '>=5.0'
    source:
      registry_url: https://components.espressif.com/
      type: service
    version: 1.20.4
direct_dependencies:
- joltwallet/littlefs
manifest_hash: 15e053d73b1693393ece7b571849593a5d31981029c46de0e95016f64ecebe52
target: esp32c6
version: 2.0.0
